// !$*UTF8*$!
{
	archiveVersion = 1;
	classes = {
	};
	objectVersion = 46;
	objects = {

/* Begin PBXBuildFile section */
		00BF37B819D6F8180006F789 /* Foundation.framework in Frameworks */ = {isa = PBXBuildFile; fileRef = 00BF37B719D6F8180006F789 /* Foundation.framework */; };
		00BF37BA19D6F8180006F789 /* CoreGraphics.framework in Frameworks */ = {isa = PBXBuildFile; fileRef = 00BF37B919D6F8180006F789 /* CoreGraphics.framework */; };
		00BF37BC19D6F8180006F789 /* UIKit.framework in Frameworks */ = {isa = PBXBuildFile; fileRef = 00BF37BB19D6F8180006F789 /* UIKit.framework */; };
		00BF37C219D6F8180006F789 /* InfoPlist.strings in Resources */ = {isa = PBXBuildFile; fileRef = 00BF37C019D6F8180006F789 /* InfoPlist.strings */; };
		00BF37C419D6F8180006F789 /* main.m in Sources */ = {isa = PBXBuildFile; fileRef = 00BF37C319D6F8180006F789 /* main.m */; };
		00BF37C819D6F8180006F789 /* AppDelegate.m in Sources */ = {isa = PBXBuildFile; fileRef = 00BF37C719D6F8180006F789 /* AppDelegate.m */; };
		00BF37CB19D6F8180006F789 /* Main.storyboard in Resources */ = {isa = PBXBuildFile; fileRef = 00BF37C919D6F8180006F789 /* Main.storyboard */; };
		00BF37CE19D6F8180006F789 /* ViewController.m in Sources */ = {isa = PBXBuildFile; fileRef = 00BF37CD19D6F8180006F789 /* ViewController.m */; };
		00BF37D019D6F8180006F789 /* Images.xcassets in Resources */ = {isa = PBXBuildFile; fileRef = 00BF37CF19D6F8180006F789 /* Images.xcassets */; };
		00BF37D719D6F8180006F789 /* XCTest.framework in Frameworks */ = {isa = PBXBuildFile; fileRef = 00BF37D619D6F8180006F789 /* XCTest.framework */; };
		00BF37D819D6F8180006F789 /* Foundation.framework in Frameworks */ = {isa = PBXBuildFile; fileRef = 00BF37B719D6F8180006F789 /* Foundation.framework */; };
		00BF37D919D6F8180006F789 /* UIKit.framework in Frameworks */ = {isa = PBXBuildFile; fileRef = 00BF37BB19D6F8180006F789 /* UIKit.framework */; };
		00BF37E119D6F8180006F789 /* InfoPlist.strings in Resources */ = {isa = PBXBuildFile; fileRef = 00BF37DF19D6F8180006F789 /* InfoPlist.strings */; };
		00BF37E319D6F8180006F789 /* CertificationExampleTests.m in Sources */ = {isa = PBXBuildFile; fileRef = 00BF37E219D6F8180006F789 /* CertificationExampleTests.m */; };
		00BF380019D6F8540006F789 /* client-cert.cer in Resources */ = {isa = PBXBuildFile; fileRef = 00BF37ED19D6F8530006F789 /* client-cert.cer */; };
		00BF380119D6F8540006F789 /* client-key.key in Resources */ = {isa = PBXBuildFile; fileRef = 00BF37EE19D6F8530006F789 /* client-key.key */; };
		00BF380219D6F8540006F789 /* client-req.csr in Resources */ = {isa = PBXBuildFile; fileRef = 00BF37EF19D6F8530006F789 /* client-req.csr */; };
		00BF380319D6F8540006F789 /* client.jks in Resources */ = {isa = PBXBuildFile; fileRef = 00BF37F019D6F8540006F789 /* client.jks */; };
		00BF380419D6F8540006F789 /* client.p12 in Resources */ = {isa = PBXBuildFile; fileRef = 00BF37F119D6F8540006F789 /* client.p12 */; };
		00BF380519D6F8540006F789 /* index.txt in Resources */ = {isa = PBXBuildFile; fileRef = 00BF37F219D6F8540006F789 /* index.txt */; };
		00BF380619D6F8540006F789 /* root-cert.cer in Resources */ = {isa = PBXBuildFile; fileRef = 00BF37F519D6F8540006F789 /* root-cert.cer */; };
		00BF380719D6F8540006F789 /* root-cert.srl in Resources */ = {isa = PBXBuildFile; fileRef = 00BF37F619D6F8540006F789 /* root-cert.srl */; };
		00BF380819D6F8540006F789 /* root-key.key in Resources */ = {isa = PBXBuildFile; fileRef = 00BF37F719D6F8540006F789 /* root-key.key */; };
		00BF380919D6F8540006F789 /* root-req.csr in Resources */ = {isa = PBXBuildFile; fileRef = 00BF37F819D6F8540006F789 /* root-req.csr */; };
		00BF380A19D6F8540006F789 /* root.jks in Resources */ = {isa = PBXBuildFile; fileRef = 00BF37F919D6F8540006F789 /* root.jks */; };
		00BF380B19D6F8540006F789 /* root.p12 in Resources */ = {isa = PBXBuildFile; fileRef = 00BF37FA19D6F8540006F789 /* root.p12 */; };
		00BF380C19D6F8540006F789 /* serial in Resources */ = {isa = PBXBuildFile; fileRef = 00BF37FB19D6F8540006F789 /* serial */; };
		00BF380D19D6F8540006F789 /* server-cert.cer in Resources */ = {isa = PBXBuildFile; fileRef = 00BF37FC19D6F8540006F789 /* server-cert.cer */; };
		00BF380E19D6F8540006F789 /* server-key.key in Resources */ = {isa = PBXBuildFile; fileRef = 00BF37FD19D6F8540006F789 /* server-key.key */; };
		00BF380F19D6F8540006F789 /* server-req.csr in Resources */ = {isa = PBXBuildFile; fileRef = 00BF37FE19D6F8540006F789 /* server-req.csr */; };
		00BF381019D6F8540006F789 /* server.p12 in Resources */ = {isa = PBXBuildFile; fileRef = 00BF37FF19D6F8540006F789 /* server.p12 */; };
/* End PBXBuildFile section */

/* Begin PBXContainerItemProxy section */
		00BF37DA19D6F8180006F789 /* PBXContainerItemProxy */ = {
			isa = PBXContainerItemProxy;
			containerPortal = 00BF37AC19D6F8180006F789 /* Project object */;
			proxyType = 1;
			remoteGlobalIDString = 00BF37B319D6F8180006F789;
			remoteInfo = CertificationExample;
		};
/* End PBXContainerItemProxy section */

/* Begin PBXFileReference section */
		00BF37B419D6F8180006F789 /* CertificationExample.app */ = {isa = PBXFileReference; explicitFileType = wrapper.application; includeInIndex = 0; path = CertificationExample.app; sourceTree = BUILT_PRODUCTS_DIR; };
		00BF37B719D6F8180006F789 /* Foundation.framework */ = {isa = PBXFileReference; lastKnownFileType = wrapper.framework; name = Foundation.framework; path = System/Library/Frameworks/Foundation.framework; sourceTree = SDKROOT; };
		00BF37B919D6F8180006F789 /* CoreGraphics.framework */ = {isa = PBXFileReference; lastKnownFileType = wrapper.framework; name = CoreGraphics.framework; path = System/Library/Frameworks/CoreGraphics.framework; sourceTree = SDKROOT; };
		00BF37BB19D6F8180006F789 /* UIKit.framework */ = {isa = PBXFileReference; lastKnownFileType = wrapper.framework; name = UIKit.framework; path = System/Library/Frameworks/UIKit.framework; sourceTree = SDKROOT; };
		00BF37BF19D6F8180006F789 /* CertificationExample-Info.plist */ = {isa = PBXFileReference; lastKnownFileType = text.plist.xml; path = "CertificationExample-Info.plist"; sourceTree = "<group>"; };
		00BF37C119D6F8180006F789 /* en */ = {isa = PBXFileReference; lastKnownFileType = text.plist.strings; name = en; path = en.lproj/InfoPlist.strings; sourceTree = "<group>"; };
		00BF37C319D6F8180006F789 /* main.m */ = {isa = PBXFileReference; lastKnownFileType = sourcecode.c.objc; path = main.m; sourceTree = "<group>"; };
		00BF37C519D6F8180006F789 /* CertificationExample-Prefix.pch */ = {isa = PBXFileReference; lastKnownFileType = sourcecode.c.h; path = "CertificationExample-Prefix.pch"; sourceTree = "<group>"; };
		00BF37C619D6F8180006F789 /* AppDelegate.h */ = {isa = PBXFileReference; lastKnownFileType = sourcecode.c.h; path = AppDelegate.h; sourceTree = "<group>"; };
		00BF37C719D6F8180006F789 /* AppDelegate.m */ = {isa = PBXFileReference; lastKnownFileType = sourcecode.c.objc; path = AppDelegate.m; sourceTree = "<group>"; };
		00BF37CA19D6F8180006F789 /* Base */ = {isa = PBXFileReference; lastKnownFileType = file.storyboard; name = Base; path = Base.lproj/Main.storyboard; sourceTree = "<group>"; };
		00BF37CC19D6F8180006F789 /* ViewController.h */ = {isa = PBXFileReference; lastKnownFileType = sourcecode.c.h; path = ViewController.h; sourceTree = "<group>"; };
		00BF37CD19D6F8180006F789 /* ViewController.m */ = {isa = PBXFileReference; lastKnownFileType = sourcecode.c.objc; path = ViewController.m; sourceTree = "<group>"; };
		00BF37CF19D6F8180006F789 /* Images.xcassets */ = {isa = PBXFileReference; lastKnownFileType = folder.assetcatalog; path = Images.xcassets; sourceTree = "<group>"; };
		00BF37D519D6F8180006F789 /* CertificationExampleTests.xctest */ = {isa = PBXFileReference; explicitFileType = wrapper.cfbundle; includeInIndex = 0; path = CertificationExampleTests.xctest; sourceTree = BUILT_PRODUCTS_DIR; };
		00BF37D619D6F8180006F789 /* XCTest.framework */ = {isa = PBXFileReference; lastKnownFileType = wrapper.framework; name = XCTest.framework; path = Library/Frameworks/XCTest.framework; sourceTree = DEVELOPER_DIR; };
		00BF37DE19D6F8180006F789 /* CertificationExampleTests-Info.plist */ = {isa = PBXFileReference; lastKnownFileType = text.plist.xml; path = "CertificationExampleTests-Info.plist"; sourceTree = "<group>"; };
		00BF37E019D6F8180006F789 /* en */ = {isa = PBXFileReference; lastKnownFileType = text.plist.strings; name = en; path = en.lproj/InfoPlist.strings; sourceTree = "<group>"; };
		00BF37E219D6F8180006F789 /* CertificationExampleTests.m */ = {isa = PBXFileReference; lastKnownFileType = sourcecode.c.objc; path = CertificationExampleTests.m; sourceTree = "<group>"; };
		00BF37ED19D6F8530006F789 /* client-cert.cer */ = {isa = PBXFileReference; fileEncoding = 4; lastKnownFileType = text; path = "client-cert.cer"; sourceTree = "<group>"; };
		00BF37EE19D6F8530006F789 /* client-key.key */ = {isa = PBXFileReference; fileEncoding = 4; lastKnownFileType = text; path = "client-key.key"; sourceTree = "<group>"; };
		00BF37EF19D6F8530006F789 /* client-req.csr */ = {isa = PBXFileReference; fileEncoding = 4; lastKnownFileType = text; path = "client-req.csr"; sourceTree = "<group>"; };
		00BF37F019D6F8540006F789 /* client.jks */ = {isa = PBXFileReference; lastKnownFileType = file; path = client.jks; sourceTree = "<group>"; };
		00BF37F119D6F8540006F789 /* client.p12 */ = {isa = PBXFileReference; lastKnownFileType = file; path = client.p12; sourceTree = "<group>"; };
		00BF37F219D6F8540006F789 /* index.txt */ = {isa = PBXFileReference; fileEncoding = 4; lastKnownFileType = text; path = index.txt; sourceTree = "<group>"; };
		00BF37F519D6F8540006F789 /* root-cert.cer */ = {isa = PBXFileReference; fileEncoding = 4; lastKnownFileType = text; path = "root-cert.cer"; sourceTree = "<group>"; };
		00BF37F619D6F8540006F789 /* root-cert.srl */ = {isa = PBXFileReference; fileEncoding = 4; lastKnownFileType = text; path = "root-cert.srl"; sourceTree = "<group>"; };
		00BF37F719D6F8540006F789 /* root-key.key */ = {isa = PBXFileReference; fileEncoding = 4; lastKnownFileType = text; path = "root-key.key"; sourceTree = "<group>"; };
		00BF37F819D6F8540006F789 /* root-req.csr */ = {isa = PBXFileReference; fileEncoding = 4; lastKnownFileType = text; path = "root-req.csr"; sourceTree = "<group>"; };
		00BF37F919D6F8540006F789 /* root.jks */ = {isa = PBXFileReference; lastKnownFileType = file; path = root.jks; sourceTree = "<group>"; };
		00BF37FA19D6F8540006F789 /* root.p12 */ = {isa = PBXFileReference; lastKnownFileType = file; path = root.p12; sourceTree = "<group>"; };
		00BF37FB19D6F8540006F789 /* serial */ = {isa = PBXFileReference; fileEncoding = 4; lastKnownFileType = text; path = serial; sourceTree = "<group>"; };
		00BF37FC19D6F8540006F789 /* server-cert.cer */ = {isa = PBXFileReference; fileEncoding = 4; lastKnownFileType = text; path = "server-cert.cer"; sourceTree = "<group>"; };
		00BF37FD19D6F8540006F789 /* server-key.key */ = {isa = PBXFileReference; fileEncoding = 4; lastKnownFileType = text; path = "server-key.key"; sourceTree = "<group>"; };
		00BF37FE19D6F8540006F789 /* server-req.csr */ = {isa = PBXFileReference; fileEncoding = 4; lastKnownFileType = text; path = "server-req.csr"; sourceTree = "<group>"; };
		00BF37FF19D6F8540006F789 /* server.p12 */ = {isa = PBXFileReference; lastKnownFileType = file; path = server.p12; sourceTree = "<group>"; };
/* End PBXFileReference section */

/* Begin PBXFrameworksBuildPhase section */
		00BF37B119D6F8180006F789 /* Frameworks */ = {
			isa = PBXFrameworksBuildPhase;
			buildActionMask = 2147483647;
			files = (
				00BF37BA19D6F8180006F789 /* CoreGraphics.framework in Frameworks */,
				00BF37BC19D6F8180006F789 /* UIKit.framework in Frameworks */,
				00BF37B819D6F8180006F789 /* Foundation.framework in Frameworks */,
			);
			runOnlyForDeploymentPostprocessing = 0;
		};
		00BF37D219D6F8180006F789 /* Frameworks */ = {
			isa = PBXFrameworksBuildPhase;
			buildActionMask = 2147483647;
			files = (
				00BF37D719D6F8180006F789 /* XCTest.framework in Frameworks */,
				00BF37D919D6F8180006F789 /* UIKit.framework in Frameworks */,
				00BF37D819D6F8180006F789 /* Foundation.framework in Frameworks */,
			);
			runOnlyForDeploymentPostprocessing = 0;
		};
/* End PBXFrameworksBuildPhase section */

/* Begin PBXGroup section */
		00BF37AB19D6F8180006F789 = {
			isa = PBXGroup;
			children = (
				00BF37BD19D6F8180006F789 /* CertificationExample */,
				00BF37DC19D6F8180006F789 /* CertificationExampleTests */,
				00BF37B619D6F8180006F789 /* Frameworks */,
				00BF37B519D6F8180006F789 /* Products */,
			);
			sourceTree = "<group>";
		};
		00BF37B519D6F8180006F789 /* Products */ = {
			isa = PBXGroup;
			children = (
				00BF37B419D6F8180006F789 /* CertificationExample.app */,
				00BF37D519D6F8180006F789 /* CertificationExampleTests.xctest */,
			);
			name = Products;
			sourceTree = "<group>";
		};
		00BF37B619D6F8180006F789 /* Frameworks */ = {
			isa = PBXGroup;
			children = (
				00BF37B719D6F8180006F789 /* Foundation.framework */,
				00BF37B919D6F8180006F789 /* CoreGraphics.framework */,
				00BF37BB19D6F8180006F789 /* UIKit.framework */,
				00BF37D619D6F8180006F789 /* XCTest.framework */,
			);
			name = Frameworks;
			sourceTree = "<group>";
		};
		00BF37BD19D6F8180006F789 /* CertificationExample */ = {
			isa = PBXGroup;
			children = (
				00BF37C619D6F8180006F789 /* AppDelegate.h */,
				00BF37C719D6F8180006F789 /* AppDelegate.m */,
				00BF37C919D6F8180006F789 /* Main.storyboard */,
				00BF37CC19D6F8180006F789 /* ViewController.h */,
				00BF37CD19D6F8180006F789 /* ViewController.m */,
				00BF37CF19D6F8180006F789 /* Images.xcassets */,
				00BF37BE19D6F8180006F789 /* Supporting Files */,
			);
			path = CertificationExample;
			sourceTree = "<group>";
		};
		00BF37BE19D6F8180006F789 /* Supporting Files */ = {
			isa = PBXGroup;
			children = (
				00BF37EC19D6F8530006F789 /* DemoCA */,
				00BF37BF19D6F8180006F789 /* CertificationExample-Info.plist */,
				00BF37C019D6F8180006F789 /* InfoPlist.strings */,
				00BF37C319D6F8180006F789 /* main.m */,
				00BF37C519D6F8180006F789 /* CertificationExample-Prefix.pch */,
			);
			name = "Supporting Files";
			sourceTree = "<group>";
		};
		00BF37DC19D6F8180006F789 /* CertificationExampleTests */ = {
			isa = PBXGroup;
			children = (
				00BF37E219D6F8180006F789 /* CertificationExampleTests.m */,
				00BF37DD19D6F8180006F789 /* Supporting Files */,
			);
			path = CertificationExampleTests;
			sourceTree = "<group>";
		};
		00BF37DD19D6F8180006F789 /* Supporting Files */ = {
			isa = PBXGroup;
			children = (
				00BF37DE19D6F8180006F789 /* CertificationExampleTests-Info.plist */,
				00BF37DF19D6F8180006F789 /* InfoPlist.strings */,
			);
			name = "Supporting Files";
			sourceTree = "<group>";
		};
		00BF37EC19D6F8530006F789 /* DemoCA */ = {
			isa = PBXGroup;
			children = (
				00BF37ED19D6F8530006F789 /* client-cert.cer */,
				00BF37EE19D6F8530006F789 /* client-key.key */,
				00BF37EF19D6F8530006F789 /* client-req.csr */,
				00BF37F019D6F8540006F789 /* client.jks */,
				00BF37F119D6F8540006F789 /* client.p12 */,
				00BF37F219D6F8540006F789 /* index.txt */,
				00BF37F319D6F8540006F789 /* newcerts */,
				00BF37F419D6F8540006F789 /* private */,
				00BF37F519D6F8540006F789 /* root-cert.cer */,
				00BF37F619D6F8540006F789 /* root-cert.srl */,
				00BF37F719D6F8540006F789 /* root-key.key */,
				00BF37F819D6F8540006F789 /* root-req.csr */,
				00BF37F919D6F8540006F789 /* root.jks */,
				00BF37FA19D6F8540006F789 /* root.p12 */,
				00BF37FB19D6F8540006F789 /* serial */,
				00BF37FC19D6F8540006F789 /* server-cert.cer */,
				00BF37FD19D6F8540006F789 /* server-key.key */,
				00BF37FE19D6F8540006F789 /* server-req.csr */,
				00BF37FF19D6F8540006F789 /* server.p12 */,
			);
			path = DemoCA;
			sourceTree = "<group>";
		};
		00BF37F319D6F8540006F789 /* newcerts */ = {
			isa = PBXGroup;
			children = (
			);
			path = newcerts;
			sourceTree = "<group>";
		};
		00BF37F419D6F8540006F789 /* private */ = {
			isa = PBXGroup;
			children = (
			);
			path = private;
			sourceTree = "<group>";
		};
/* End PBXGroup section */

/* Begin PBXNativeTarget section */
		00BF37B319D6F8180006F789 /* CertificationExample */ = {
			isa = PBXNativeTarget;
			buildConfigurationList = 00BF37E619D6F8180006F789 /* Build configuration list for PBXNativeTarget "CertificationExample" */;
			buildPhases = (
				00BF37B019D6F8180006F789 /* Sources */,
				00BF37B119D6F8180006F789 /* Frameworks */,
				00BF37B219D6F8180006F789 /* Resources */,
			);
			buildRules = (
			);
			dependencies = (
			);
			name = CertificationExample;
			productName = CertificationExample;
			productReference = 00BF37B419D6F8180006F789 /* CertificationExample.app */;
			productType = "com.apple.product-type.application";
		};
		00BF37D419D6F8180006F789 /* CertificationExampleTests */ = {
			isa = PBXNativeTarget;
			buildConfigurationList = 00BF37E919D6F8180006F789 /* Build configuration list for PBXNativeTarget "CertificationExampleTests" */;
			buildPhases = (
				00BF37D119D6F8180006F789 /* Sources */,
				00BF37D219D6F8180006F789 /* Frameworks */,
				00BF37D319D6F8180006F789 /* Resources */,
			);
			buildRules = (
			);
			dependencies = (
				00BF37DB19D6F8180006F789 /* PBXTargetDependency */,
			);
			name = CertificationExampleTests;
			productName = CertificationExampleTests;
			productReference = 00BF37D519D6F8180006F789 /* CertificationExampleTests.xctest */;
			productType = "com.apple.product-type.bundle.unit-test";
		};
/* End PBXNativeTarget section */

/* Begin PBXProject section */
		00BF37AC19D6F8180006F789 /* Project object */ = {
			isa = PBXProject;
			attributes = {
				LastUpgradeCheck = 0510;
				ORGANIZATIONNAME = "___FULLUSERNAME___";
				TargetAttributes = {
					00BF37D419D6F8180006F789 = {
						TestTargetID = 00BF37B319D6F8180006F789;
					};
				};
			};
			buildConfigurationList = 00BF37AF19D6F8180006F789 /* Build configuration list for PBXProject "CertificationExample" */;
			compatibilityVersion = "Xcode 3.2";
			developmentRegion = English;
			hasScannedForEncodings = 0;
			knownRegions = (
				en,
				Base,
			);
			mainGroup = 00BF37AB19D6F8180006F789;
			productRefGroup = 00BF37B519D6F8180006F789 /* Products */;
			projectDirPath = "";
			projectRoot = "";
			targets = (
				00BF37B319D6F8180006F789 /* CertificationExample */,
				00BF37D419D6F8180006F789 /* CertificationExampleTests */,
			);
		};
/* End PBXProject section */

/* Begin PBXResourcesBuildPhase section */
		00BF37B219D6F8180006F789 /* Resources */ = {
			isa = PBXResourcesBuildPhase;
			buildActionMask = 2147483647;
			files = (
				00BF380319D6F8540006F789 /* client.jks in Resources */,
				00BF380D19D6F8540006F789 /* server-cert.cer in Resources */,
				00BF380F19D6F8540006F789 /* server-req.csr in Resources */,
				00BF380E19D6F8540006F789 /* server-key.key in Resources */,
				00BF37D019D6F8180006F789 /* Images.xcassets in Resources */,
				00BF380919D6F8540006F789 /* root-req.csr in Resources */,
				00BF380619D6F8540006F789 /* root-cert.cer in Resources */,
				00BF380A19D6F8540006F789 /* root.jks in Resources */,
				00BF380419D6F8540006F789 /* client.p12 in Resources */,
				00BF380C19D6F8540006F789 /* serial in Resources */,
				00BF380B19D6F8540006F789 /* root.p12 in Resources */,
				00BF380119D6F8540006F789 /* client-key.key in Resources */,
				00BF380819D6F8540006F789 /* root-key.key in Resources */,
				00BF380219D6F8540006F789 /* client-req.csr in Resources */,
				00BF380019D6F8540006F789 /* client-cert.cer in Resources */,
				00BF37C219D6F8180006F789 /* InfoPlist.strings in Resources */,
				00BF37CB19D6F8180006F789 /* Main.storyboard in Resources */,
				00BF380519D6F8540006F789 /* index.txt in Resources */,
				00BF381019D6F8540006F789 /* server.p12 in Resources */,
				00BF380719D6F8540006F789 /* root-cert.srl in Resources */,
			);
			runOnlyForDeploymentPostprocessing = 0;
		};
		00BF37D319D6F8180006F789 /* Resources */ = {
			isa = PBXResourcesBuildPhase;
			buildActionMask = 2147483647;
			files = (
				00BF37E119D6F8180006F789 /* InfoPlist.strings in Resources */,
			);
			runOnlyForDeploymentPostprocessing = 0;
		};
/* End PBXResourcesBuildPhase section */

/* Begin PBXSourcesBuildPhase section */
		00BF37B019D6F8180006F789 /* Sources */ = {
			isa = PBXSourcesBuildPhase;
			buildActionMask = 2147483647;
			files = (
				00BF37CE19D6F8180006F789 /* ViewController.m in Sources */,
				00BF37C819D6F8180006F789 /* AppDelegate.m in Sources */,
				00BF37C419D6F8180006F789 /* main.m in Sources */,
			);
			runOnlyForDeploymentPostprocessing = 0;
		};
		00BF37D119D6F8180006F789 /* Sources */ = {
			isa = PBXSourcesBuildPhase;
			buildActionMask = 2147483647;
			files = (
				00BF37E319D6F8180006F789 /* CertificationExampleTests.m in Sources */,
			);
			runOnlyForDeploymentPostprocessing = 0;
		};
/* End PBXSourcesBuildPhase section */

/* Begin PBXTargetDependency section */
		00BF37DB19D6F8180006F789 /* PBXTargetDependency */ = {
			isa = PBXTargetDependency;
			target = 00BF37B319D6F8180006F789 /* CertificationExample */;
			targetProxy = 00BF37DA19D6F8180006F789 /* PBXContainerItemProxy */;
		};
/* End PBXTargetDependency section */

/* Begin PBXVariantGroup section */
		00BF37C019D6F8180006F789 /* InfoPlist.strings */ = {
			isa = PBXVariantGroup;
			children = (
				00BF37C119D6F8180006F789 /* en */,
			);
			name = InfoPlist.strings;
			sourceTree = "<group>";
		};
		00BF37C919D6F8180006F789 /* Main.storyboard */ = {
			isa = PBXVariantGroup;
			children = (
				00BF37CA19D6F8180006F789 /* Base */,
			);
			name = Main.storyboard;
			sourceTree = "<group>";
		};
		00BF37DF19D6F8180006F789 /* InfoPlist.strings */ = {
			isa = PBXVariantGroup;
			children = (
				00BF37E019D6F8180006F789 /* en */,
			);
			name = InfoPlist.strings;
			sourceTree = "<group>";
		};
/* End PBXVariantGroup section */

/* Begin XCBuildConfiguration section */
		00BF37E419D6F8180006F789 /* Debug */ = {
			isa = XCBuildConfiguration;
			buildSettings = {
				ALWAYS_SEARCH_USER_PATHS = NO;
				CLANG_CXX_LANGUAGE_STANDARD = "gnu++0x";
				CLANG_CXX_LIBRARY = "libc++";
				CLANG_ENABLE_MODULES = YES;
				CLANG_ENABLE_OBJC_ARC = YES;
				CLANG_WARN_BOOL_CONVERSION = YES;
				CLANG_WARN_CONSTANT_CONVERSION = YES;
				CLANG_WARN_DIRECT_OBJC_ISA_USAGE = YES_ERROR;
				CLANG_WARN_EMPTY_BODY = YES;
				CLANG_WARN_ENUM_CONVERSION = YES;
				CLANG_WARN_INT_CONVERSION = YES;
				CLANG_WARN_OBJC_ROOT_CLASS = YES_ERROR;
				CLANG_WARN__DUPLICATE_METHOD_MATCH = YES;
				"CODE_SIGN_IDENTITY[sdk=iphoneos*]" = "iPhone Developer";
				COPY_PHASE_STRIP = NO;
				GCC_C_LANGUAGE_STANDARD = gnu99;
				GCC_DYNAMIC_NO_PIC = NO;
				GCC_OPTIMIZATION_LEVEL = 0;
				GCC_PREPROCESSOR_DEFINITIONS = (
					"DEBUG=1",
					"$(inherited)",
				);
				GCC_SYMBOLS_PRIVATE_EXTERN = NO;
				GCC_WARN_64_TO_32_BIT_CONVERSION = YES;
				GCC_WARN_ABOUT_RETURN_TYPE = YES_ERROR;
				GCC_WARN_UNDECLARED_SELECTOR = YES;
				GCC_WARN_UNINITIALIZED_AUTOS = YES_AGGRESSIVE;
				GCC_WARN_UNUSED_FUNCTION = YES;
				GCC_WARN_UNUSED_VARIABLE = YES;
				IPHONEOS_DEPLOYMENT_TARGET = 7.1;
				ONLY_ACTIVE_ARCH = YES;
				SDKROOT = iphoneos;
			};
			name = Debug;
		};
		00BF37E519D6F8180006F789 /* Release */ = {
			isa = XCBuildConfiguration;
			buildSettings = {
				ALWAYS_SEARCH_USER_PATHS = NO;
				CLANG_CXX_LANGUAGE_STANDARD = "gnu++0x";
				CLANG_CXX_LIBRARY = "libc++";
				CLANG_ENABLE_MODULES = YES;
				CLANG_ENABLE_OBJC_ARC = YES;
				CLANG_WARN_BOOL_CONVERSION = YES;
				CLANG_WARN_CONSTANT_CONVERSION = YES;
				CLANG_WARN_DIRECT_OBJC_ISA_USAGE = YES_ERROR;
				CLANG_WARN_EMPTY_BODY = YES;
				CLANG_WARN_ENUM_CONVERSION = YES;
				CLANG_WARN_INT_CONVERSION = YES;
				CLANG_WARN_OBJC_ROOT_CLASS = YES_ERROR;
				CLANG_WARN__DUPLICATE_METHOD_MATCH = YES;
				"CODE_SIGN_IDENTITY[sdk=iphoneos*]" = "iPhone Developer";
				COPY_PHASE_STRIP = YES;
				ENABLE_NS_ASSERTIONS = NO;
				GCC_C_LANGUAGE_STANDARD = gnu99;
				GCC_WARN_64_TO_32_BIT_CONVERSION = YES;
				GCC_WARN_ABOUT_RETURN_TYPE = YES_ERROR;
				GCC_WARN_UNDECLARED_SELECTOR = YES;
				GCC_WARN_UNINITIALIZED_AUTOS = YES_AGGRESSIVE;
				GCC_WARN_UNUSED_FUNCTION = YES;
				GCC_WARN_UNUSED_VARIABLE = YES;
				IPHONEOS_DEPLOYMENT_TARGET = 7.1;
				SDKROOT = iphoneos;
				VALIDATE_PRODUCT = YES;
			};
			name = Release;
		};
		00BF37E719D6F8180006F789 /* Debug */ = {
			isa = XCBuildConfiguration;
			buildSettings = {
				ASSETCATALOG_COMPILER_APPICON_NAME = AppIcon;
				ASSETCATALOG_COMPILER_LAUNCHIMAGE_NAME = LaunchImage;
				GCC_PRECOMPILE_PREFIX_HEADER = YES;
				GCC_PREFIX_HEADER = "CertificationExample/CertificationExample-Prefix.pch";
				INFOPLIST_FILE = "CertificationExample/CertificationExample-Info.plist";
				PRODUCT_NAME = "$(TARGET_NAME)";
				WRAPPER_EXTENSION = app;
			};
			name = Debug;
		};
		00BF37E819D6F8180006F789 /* Release */ = {
			isa = XCBuildConfiguration;
			buildSettings = {
				ASSETCATALOG_COMPILER_APPICON_NAME = AppIcon;
				ASSETCATALOG_COMPILER_LAUNCHIMAGE_NAME = LaunchImage;
				GCC_PRECOMPILE_PREFIX_HEADER = YES;
				GCC_PREFIX_HEADER = "CertificationExample/CertificationExample-Prefix.pch";
				INFOPLIST_FILE = "CertificationExample/CertificationExample-Info.plist";
				PRODUCT_NAME = "$(TARGET_NAME)";
				WRAPPER_EXTENSION = app;
			};
			name = Release;
		};
		00BF37EA19D6F8180006F789 /* Debug */ = {
			isa = XCBuildConfiguration;
			buildSettings = {
				BUNDLE_LOADER = "$(BUILT_PRODUCTS_DIR)/CertificationExample.app/CertificationExample";
				FRAMEWORK_SEARCH_PATHS = (
					"$(SDKROOT)/Developer/Library/Frameworks",
					"$(inherited)",
					"$(DEVELOPER_FRAMEWORKS_DIR)",
				);
				GCC_PRECOMPILE_PREFIX_HEADER = YES;
				GCC_PREFIX_HEADER = "CertificationExample/CertificationExample-Prefix.pch";
				GCC_PREPROCESSOR_DEFINITIONS = (
					"DEBUG=1",
					"$(inherited)",
				);
				INFOPLIST_FILE = "CertificationExampleTests/CertificationExampleTests-Info.plist";
				PRODUCT_NAME = "$(TARGET_NAME)";
				TEST_HOST = "$(BUNDLE_LOADER)";
				WRAPPER_EXTENSION = xctest;
			};
			name = Debug;
		};
		00BF37EB19D6F8180006F789 /* Release */ = {
			isa = XCBuildConfiguration;
			buildSettings = {
				BUNDLE_LOADER = "$(BUILT_PRODUCTS_DIR)/CertificationExample.app/CertificationExample";
				FRAMEWORK_SEARCH_PATHS = (
					"$(SDKROOT)/Developer/Library/Frameworks",
					"$(inherited)",
					"$(DEVELOPER_FRAMEWORKS_DIR)",
				);
				GCC_PRECOMPILE_PREFIX_HEADER = YES;
				GCC_PREFIX_HEADER = "CertificationExample/CertificationExample-Prefix.pch";
				INFOPLIST_FILE = "CertificationExampleTests/CertificationExampleTests-Info.plist";
				PRODUCT_NAME = "$(TARGET_NAME)";
				TEST_HOST = "$(BUNDLE_LOADER)";
				WRAPPER_EXTENSION = xctest;
			};
			name = Release;
		};
/* End XCBuildConfiguration section */

/* Begin XCConfigurationList section */
		00BF37AF19D6F8180006F789 /* Build configuration list for PBXProject "CertificationExample" */ = {
			isa = XCConfigurationList;
			buildConfigurations = (
				00BF37E419D6F8180006F789 /* Debug */,
				00BF37E519D6F8180006F789 /* Release */,
			);
			defaultConfigurationIsVisible = 0;
			defaultConfigurationName = Release;
		};
		00BF37E619D6F8180006F789 /* Build configuration list for PBXNativeTarget "CertificationExample" */ = {
			isa = XCConfigurationList;
			buildConfigurations = (
				00BF37E719D6F8180006F789 /* Debug */,
				00BF37E819D6F8180006F789 /* Release */,
			);
			defaultConfigurationIsVisible = 0;
		};
		00BF37E919D6F8180006F789 /* Build configuration list for PBXNativeTarget "CertificationExampleTests" */ = {
			isa = XCConfigurationList;
			buildConfigurations = (
				00BF37EA19D6F8180006F789 /* Debug */,
				00BF37EB19D6F8180006F789 /* Release */,
			);
			defaultConfigurationIsVisible = 0;
		};
/* End XCConfigurationList section */
	};
	rootObject = 00BF37AC19D6F8180006F789 /* Project object */;
}
